
Microsoft Visual Studio Solution File, Format Version 12.00
# Visual Studio Version 17
VisualStudioVersion = 17.7.34031.279
MinimumVisualStudioVersion = 10.0.40219.1
Project("{FAE04EC0-301F-11D3-BF4B-00C04F79EFBC}") = "UserApp", "UserApp\UserApp.csproj", "{3EE5E0EB-0A8C-4F22-986D-0204D1D6279A}"
EndProject
Global
	GlobalSection(SolutionConfigurationPlatforms) = preSolution
		Debug|Any CPU = Debug|Any CPU
		Release|Any CPU = Release|Any CPU
	EndGlobalSection
	GlobalSection(ProjectConfigurationPlatforms) = postSolution
		{3EE5E0EB-0A8C-4F22-986D-0204D1D6279A}.Debug|Any CPU.ActiveCfg = Debug|Any CPU
		{3EE5E0EB-0A8C-4F22-986D-0204D1D6279A}.Debug|Any CPU.Build.0 = Debug|Any CPU
		{3EE5E0EB-0A8C-4F22-986D-0204D1D6279A}.Release|Any CPU.ActiveCfg = Release|Any CPU
		{3EE5E0EB-0A8C-4F22-986D-0204D1D6279A}.Release|Any CPU.Build.0 = Release|Any CPU
	EndGlobalSection
	GlobalSection(SolutionProperties) = preSolution
		HideSolutionNode = FALSE
	EndGlobalSection
	GlobalSection(ExtensibilityGlobals) = postSolution
		SolutionGuid = {A0B7694C-DA3C-4A86-8F3E-36B997B3F787}
	EndGlobalSection
EndGlobal
